// !$*UTF8*$!
{
	archiveVersion = 1;
	classes = {
	};
	objectVersion = 46;
	objects = {

/* Begin PBXBuildFile section */
		6B82360F1D85EC670063ED1D /* main.m in Sources */ = {isa = PBXBuildFile; fileRef = 6B82360E1D85EC670063ED1D /* main.m */; };
		6B8236121D85EC670063ED1D /* AppDelegate.m in Sources */ = {isa = PBXBuildFile; fileRef = 6B8236111D85EC670063ED1D /* AppDelegate.m */; };
		6B8236151D85EC670063ED1D /* FirstViewController.m in Sources */ = {isa = PBXBuildFile; fileRef = 6B8236141D85EC670063ED1D /* FirstViewController.m */; };
		6B8236181D85EC670063ED1D /* SecondViewController.m in Sources */ = {isa = PBXBuildFile; fileRef = 6B8236171D85EC670063ED1D /* SecondViewController.m */; };
		6B82361B1D85EC670063ED1D /* Main.storyboard in Resources */ = {isa = PBXBuildFile; fileRef = 6B8236191D85EC670063ED1D /* Main.storyboard */; };
		6B82361D1D85EC670063ED1D /* Assets.xcassets in Resources */ = {isa = PBXBuildFile; fileRef = 6B82361C1D85EC670063ED1D /* Assets.xcassets */; };
		6B8236201D85EC670063ED1D /* LaunchScreen.storyboard in Resources */ = {isa = PBXBuildFile; fileRef = 6B82361E1D85EC670063ED1D /* LaunchScreen.storyboard */; };
		6B8236861D85F4260063ED1D /* MediaPlayer.framework in Frameworks */ = {isa = PBXBuildFile; fileRef = 6B8236851D85F4260063ED1D /* MediaPlayer.framework */; };
		6B8236AF1D87CE760063ED1D /* SongsViewController.m in Sources */ = {isa = PBXBuildFile; fileRef = 6B8236AE1D87CE760063ED1D /* SongsViewController.m */; };
		6B8236B11D87D2440063ED1D /* gp.png in Resources */ = {isa = PBXBuildFile; fileRef = 6B8236B01D87D2440063ED1D /* gp.png */; };
		6B8236BA1D8DEF440063ED1D /* SongCell.m in Sources */ = {isa = PBXBuildFile; fileRef = 6B8236B91D8DEF440063ED1D /* SongCell.m */; };
		6B8236C71D98BB100063ED1D /* GlobalSongArray.m in Sources */ = {isa = PBXBuildFile; fileRef = 6B8236C61D98BB100063ED1D /* GlobalSongArray.m */; };
		6B8236C91D98BB8B0063ED1D /* CoreData.framework in Frameworks */ = {isa = PBXBuildFile; fileRef = 6B8236C81D98BB8B0063ED1D /* CoreData.framework */; };
		6B8236CD1D9E1F420063ED1D /* AVFoundation.framework in Frameworks */ = {isa = PBXBuildFile; fileRef = 6B8236CB1D9E1EE30063ED1D /* AVFoundation.framework */; };
		6B8236CF1D9E1F7B0063ED1D /* AVKit.framework in Frameworks */ = {isa = PBXBuildFile; fileRef = 6B8236CE1D9E1F7B0063ED1D /* AVKit.framework */; };
/* End PBXBuildFile section */

/* Begin PBXContainerItemProxy section */
		6B8236271D85EC680063ED1D /* PBXContainerItemProxy */ = {
			isa = PBXContainerItemProxy;
			containerPortal = 6B8236021D85EC670063ED1D /* Project object */;
			proxyType = 1;
			remoteGlobalIDString = 6B8236091D85EC670063ED1D;
			remoteInfo = "Simple Player";
		};
		6B8236321D85EC680063ED1D /* PBXContainerItemProxy */ = {
			isa = PBXContainerItemProxy;
			containerPortal = 6B8236021D85EC670063ED1D /* Project object */;
			proxyType = 1;
			remoteGlobalIDString = 6B8236091D85EC670063ED1D;
			remoteInfo = "Simple Player";
		};
/* End PBXContainerItemProxy section */

/* Begin PBXFileReference section */
		6B82360A1D85EC670063ED1D /* Simple Player.app */ = {isa = PBXFileReference; explicitFileType = wrapper.application; includeInIndex = 0; path = "Simple Player.app"; sourceTree = BUILT_PRODUCTS_DIR; };
		6B82360E1D85EC670063ED1D /* main.m */ = {isa = PBXFileReference; lastKnownFileType = sourcecode.c.objc; path = main.m; sourceTree = "<group>"; };
		6B8236101D85EC670063ED1D /* AppDelegate.h */ = {isa = PBXFileReference; lastKnownFileType = sourcecode.c.h; path = AppDelegate.h; sourceTree = "<group>"; };
		6B8236111D85EC670063ED1D /* AppDelegate.m */ = {isa = PBXFileReference; lastKnownFileType = sourcecode.c.objc; path = AppDelegate.m; sourceTree = "<group>"; };
		6B8236131D85EC670063ED1D /* FirstViewController.h */ = {isa = PBXFileReference; lastKnownFileType = sourcecode.c.h; path = FirstViewController.h; sourceTree = "<group>"; };
		6B8236141D85EC670063ED1D /* FirstViewController.m */ = {isa = PBXFileReference; lastKnownFileType = sourcecode.c.objc; path = FirstViewController.m; sourceTree = "<group>"; };
		6B8236161D85EC670063ED1D /* SecondViewController.h */ = {isa = PBXFileReference; lastKnownFileType = sourcecode.c.h; path = SecondViewController.h; sourceTree = "<group>"; };
		6B8236171D85EC670063ED1D /* SecondViewController.m */ = {isa = PBXFileReference; lastKnownFileType = sourcecode.c.objc; path = SecondViewController.m; sourceTree = "<group>"; };
		6B82361A1D85EC670063ED1D /* Base */ = {isa = PBXFileReference; lastKnownFileType = file.storyboard; name = Base; path = Base.lproj/Main.storyboard; sourceTree = "<group>"; };
		6B82361C1D85EC670063ED1D /* Assets.xcassets */ = {isa = PBXFileReference; lastKnownFileType = folder.assetcatalog; path = Assets.xcassets; sourceTree = "<group>"; };
		6B82361F1D85EC670063ED1D /* Base */ = {isa = PBXFileReference; lastKnownFileType = file.storyboard; name = Base; path = Base.lproj/LaunchScreen.storyboard; sourceTree = "<group>"; };
		6B8236211D85EC670063ED1D /* Info.plist */ = {isa = PBXFileReference; lastKnownFileType = text.plist.xml; path = Info.plist; sourceTree = "<group>"; };
		6B8236261D85EC680063ED1D /* Simple PlayerTests.xctest */ = {isa = PBXFileReference; explicitFileType = wrapper.cfbundle; includeInIndex = 0; path = "Simple PlayerTests.xctest"; sourceTree = BUILT_PRODUCTS_DIR; };
		6B8236311D85EC680063ED1D /* Simple PlayerUITests.xctest */ = {isa = PBXFileReference; explicitFileType = wrapper.cfbundle; includeInIndex = 0; path = "Simple PlayerUITests.xctest"; sourceTree = BUILT_PRODUCTS_DIR; };
		6B8236851D85F4260063ED1D /* MediaPlayer.framework */ = {isa = PBXFileReference; lastKnownFileType = wrapper.framework; name = MediaPlayer.framework; path = System/Library/Frameworks/MediaPlayer.framework; sourceTree = SDKROOT; };
		6B8236AD1D87CE760063ED1D /* SongsViewController.h */ = {isa = PBXFileReference; fileEncoding = 4; lastKnownFileType = sourcecode.c.h; path = SongsViewController.h; sourceTree = "<group>"; };
		6B8236AE1D87CE760063ED1D /* SongsViewController.m */ = {isa = PBXFileReference; fileEncoding = 4; lastKnownFileType = sourcecode.c.objc; path = SongsViewController.m; sourceTree = "<group>"; };
		6B8236B01D87D2440063ED1D /* gp.png */ = {isa = PBXFileReference; lastKnownFileType = image.png; name = gp.png; path = ../../Desktop/gp.png; sourceTree = "<group>"; };
		6B8236B81D8DEF440063ED1D /* SongCell.h */ = {isa = PBXFileReference; fileEncoding = 4; lastKnownFileType = sourcecode.c.h; path = SongCell.h; sourceTree = "<group>"; };
		6B8236B91D8DEF440063ED1D /* SongCell.m */ = {isa = PBXFileReference; fileEncoding = 4; lastKnownFileType = sourcecode.c.objc; path = SongCell.m; sourceTree = "<group>"; };
		6B8236C51D98BB100063ED1D /* GlobalSongArray.h */ = {isa = PBXFileReference; fileEncoding = 4; lastKnownFileType = sourcecode.c.h; path = GlobalSongArray.h; sourceTree = "<group>"; };
		6B8236C61D98BB100063ED1D /* GlobalSongArray.m */ = {isa = PBXFileReference; fileEncoding = 4; lastKnownFileType = sourcecode.c.objc; path = GlobalSongArray.m; sourceTree = "<group>"; };
		6B8236C81D98BB8B0063ED1D /* CoreData.framework */ = {isa = PBXFileReference; lastKnownFileType = wrapper.framework; name = CoreData.framework; path = System/Library/Frameworks/CoreData.framework; sourceTree = SDKROOT; };
		6B8236CB1D9E1EE30063ED1D /* AVFoundation.framework */ = {isa = PBXFileReference; lastKnownFileType = wrapper.framework; name = AVFoundation.framework; path = System/Library/Frameworks/AVFoundation.framework; sourceTree = SDKROOT; };
		6B8236CE1D9E1F7B0063ED1D /* AVKit.framework */ = {isa = PBXFileReference; lastKnownFileType = wrapper.framework; name = AVKit.framework; path = System/Library/Frameworks/AVKit.framework; sourceTree = SDKROOT; };
		6B8236D21D9E23840063ED1D /* PrefixHeader.pch */ = {isa = PBXFileReference; fileEncoding = 4; lastKnownFileType = sourcecode.c.h; path = PrefixHeader.pch; sourceTree = "<group>"; };
/* End PBXFileReference section */

/* Begin PBXFrameworksBuildPhase section */
		6B8236071D85EC670063ED1D /* Frameworks */ = {
			isa = PBXFrameworksBuildPhase;
			buildActionMask = 2147483647;
			files = (
				6B8236CF1D9E1F7B0063ED1D /* AVKit.framework in Frameworks */,
				6B8236CD1D9E1F420063ED1D /* AVFoundation.framework in Frameworks */,
				6B8236C91D98BB8B0063ED1D /* CoreData.framework in Frameworks */,
				6B8236861D85F4260063ED1D /* MediaPlayer.framework in Frameworks */,
			);
			runOnlyForDeploymentPostprocessing = 0;
		};
		6B8236231D85EC680063ED1D /* Frameworks */ = {
			isa = PBXFrameworksBuildPhase;
			buildActionMask = 2147483647;
			files = (
			);
			runOnlyForDeploymentPostprocessing = 0;
		};
		6B82362E1D85EC680063ED1D /* Frameworks */ = {
			isa = PBXFrameworksBuildPhase;
			buildActionMask = 2147483647;
			files = (
			);
			runOnlyForDeploymentPostprocessing = 0;
		};
/* End PBXFrameworksBuildPhase section */

/* Begin PBXGroup section */
		6B8236011D85EC670063ED1D = {
			isa = PBXGroup;
			children = (
				6B8236CE1D9E1F7B0063ED1D /* AVKit.framework */,
				6B8236CB1D9E1EE30063ED1D /* AVFoundation.framework */,
				6B8236C81D98BB8B0063ED1D /* CoreData.framework */,
				6B8236851D85F4260063ED1D /* MediaPlayer.framework */,
				6B82360C1D85EC670063ED1D /* Simple Player */,
				6B82360B1D85EC670063ED1D /* Products */,
				6B8236B01D87D2440063ED1D /* gp.png */,
			);
			sourceTree = "<group>";
		};
		6B82360B1D85EC670063ED1D /* Products */ = {
			isa = PBXGroup;
			children = (
				6B82360A1D85EC670063ED1D /* Simple Player.app */,
				6B8236261D85EC680063ED1D /* Simple PlayerTests.xctest */,
				6B8236311D85EC680063ED1D /* Simple PlayerUITests.xctest */,
			);
			name = Products;
			sourceTree = "<group>";
		};
		6B82360C1D85EC670063ED1D /* Simple Player */ = {
			isa = PBXGroup;
			children = (
				6B8236101D85EC670063ED1D /* AppDelegate.h */,
				6B8236D21D9E23840063ED1D /* PrefixHeader.pch */,
				6B8236111D85EC670063ED1D /* AppDelegate.m */,
				6B8236131D85EC670063ED1D /* FirstViewController.h */,
				6B8236141D85EC670063ED1D /* FirstViewController.m */,
				6B8236161D85EC670063ED1D /* SecondViewController.h */,
				6B8236171D85EC670063ED1D /* SecondViewController.m */,
				6B8236191D85EC670063ED1D /* Main.storyboard */,
				6B8236B81D8DEF440063ED1D /* SongCell.h */,
				6B8236B91D8DEF440063ED1D /* SongCell.m */,
				6B8236AD1D87CE760063ED1D /* SongsViewController.h */,
				6B8236AE1D87CE760063ED1D /* SongsViewController.m */,
				6B82361C1D85EC670063ED1D /* Assets.xcassets */,
				6B82361E1D85EC670063ED1D /* LaunchScreen.storyboard */,
				6B8236211D85EC670063ED1D /* Info.plist */,
				6B82360D1D85EC670063ED1D /* Supporting Files */,
				6B8236C51D98BB100063ED1D /* GlobalSongArray.h */,
				6B8236C61D98BB100063ED1D /* GlobalSongArray.m */,
			);
			path = "Simple Player";
			sourceTree = "<group>";
		};
		6B82360D1D85EC670063ED1D /* Supporting Files */ = {
			isa = PBXGroup;
			children = (
				6B82360E1D85EC670063ED1D /* main.m */,
			);
			name = "Supporting Files";
			sourceTree = "<group>";
		};
/* End PBXGroup section */

/* Begin PBXNativeTarget section */
		6B8236091D85EC670063ED1D /* Simple Player */ = {
			isa = PBXNativeTarget;
			buildConfigurationList = 6B82363A1D85EC680063ED1D /* Build configuration list for PBXNativeTarget "Simple Player" */;
			buildPhases = (
				6B8236061D85EC670063ED1D /* Sources */,
				6B8236071D85EC670063ED1D /* Frameworks */,
				6B8236081D85EC670063ED1D /* Resources */,
			);
			buildRules = (
			);
			dependencies = (
			);
			name = "Simple Player";
			productName = "Simple Player";
			productReference = 6B82360A1D85EC670063ED1D /* Simple Player.app */;
			productType = "com.apple.product-type.application";
		};
		6B8236251D85EC680063ED1D /* Simple PlayerTests */ = {
			isa = PBXNativeTarget;
			buildConfigurationList = 6B82363D1D85EC680063ED1D /* Build configuration list for PBXNativeTarget "Simple PlayerTests" */;
			buildPhases = (
				6B8236221D85EC680063ED1D /* Sources */,
				6B8236231D85EC680063ED1D /* Frameworks */,
				6B8236241D85EC680063ED1D /* Resources */,
			);
			buildRules = (
			);
			dependencies = (
				6B8236281D85EC680063ED1D /* PBXTargetDependency */,
			);
			name = "Simple PlayerTests";
			productName = "Simple PlayerTests";
			productReference = 6B8236261D85EC680063ED1D /* Simple PlayerTests.xctest */;
			productType = "com.apple.product-type.bundle.unit-test";
		};
		6B8236301D85EC680063ED1D /* Simple PlayerUITests */ = {
			isa = PBXNativeTarget;
			buildConfigurationList = 6B8236401D85EC680063ED1D /* Build configuration list for PBXNativeTarget "Simple PlayerUITests" */;
			buildPhases = (
				6B82362D1D85EC680063ED1D /* Sources */,
				6B82362E1D85EC680063ED1D /* Frameworks */,
				6B82362F1D85EC680063ED1D /* Resources */,
			);
			buildRules = (
			);
			dependencies = (
				6B8236331D85EC680063ED1D /* PBXTargetDependency */,
			);
			name = "Simple PlayerUITests";
			productName = "Simple PlayerUITests";
			productReference = 6B8236311D85EC680063ED1D /* Simple PlayerUITests.xctest */;
			productType = "com.apple.product-type.bundle.ui-testing";
		};
/* End PBXNativeTarget section */

/* Begin PBXProject section */
		6B8236021D85EC670063ED1D /* Project object */ = {
			isa = PBXProject;
			attributes = {
				LastUpgradeCheck = 0730;
				ORGANIZATIONNAME = "Justin Oh";
				TargetAttributes = {
					6B8236091D85EC670063ED1D = {
						CreatedOnToolsVersion = 7.3.1;
					};
					6B8236251D85EC680063ED1D = {
						CreatedOnToolsVersion = 7.3.1;
						TestTargetID = 6B8236091D85EC670063ED1D;
					};
					6B8236301D85EC680063ED1D = {
						CreatedOnToolsVersion = 7.3.1;
						TestTargetID = 6B8236091D85EC670063ED1D;
					};
				};
			};
			buildConfigurationList = 6B8236051D85EC670063ED1D /* Build configuration list for PBXProject "Simple Player" */;
			compatibilityVersion = "Xcode 3.2";
			developmentRegion = English;
			hasScannedForEncodings = 0;
			knownRegions = (
				en,
				Base,
			);
			mainGroup = 6B8236011D85EC670063ED1D;
			productRefGroup = 6B82360B1D85EC670063ED1D /* Products */;
			projectDirPath = "";
			projectRoot = "";
			targets = (
				6B8236091D85EC670063ED1D /* Simple Player */,
				6B8236251D85EC680063ED1D /* Simple PlayerTests */,
				6B8236301D85EC680063ED1D /* Simple PlayerUITests */,
			);
		};
/* End PBXProject section */

/* Begin PBXResourcesBuildPhase section */
		6B8236081D85EC670063ED1D /* Resources */ = {
			isa = PBXResourcesBuildPhase;
			buildActionMask = 2147483647;
			files = (
				6B8236B11D87D2440063ED1D /* gp.png in Resources */,
				6B8236201D85EC670063ED1D /* LaunchScreen.storyboard in Resources */,
				6B82361D1D85EC670063ED1D /* Assets.xcassets in Resources */,
				6B82361B1D85EC670063ED1D /* Main.storyboard in Resources */,
			);
			runOnlyForDeploymentPostprocessing = 0;
		};
		6B8236241D85EC680063ED1D /* Resources */ = {
			isa = PBXResourcesBuildPhase;
			buildActionMask = 2147483647;
			files = (
			);
			runOnlyForDeploymentPostprocessing = 0;
		};
		6B82362F1D85EC680063ED1D /* Resources */ = {
			isa = PBXResourcesBuildPhase;
			buildActionMask = 2147483647;
			files = (
			);
			runOnlyForDeploymentPostprocessing = 0;
		};
/* End PBXResourcesBuildPhase section */

/* Begin PBXSourcesBuildPhase section */
		6B8236061D85EC670063ED1D /* Sources */ = {
			isa = PBXSourcesBuildPhase;
			buildActionMask = 2147483647;
			files = (
				6B8236C71D98BB100063ED1D /* GlobalSongArray.m in Sources */,
				6B8236181D85EC670063ED1D /* SecondViewController.m in Sources */,
				6B8236121D85EC670063ED1D /* AppDelegate.m in Sources */,
				6B8236BA1D8DEF440063ED1D /* SongCell.m in Sources */,
				6B8236AF1D87CE760063ED1D /* SongsViewController.m in Sources */,
				6B8236151D85EC670063ED1D /* FirstViewController.m in Sources */,
				6B82360F1D85EC670063ED1D /* main.m in Sources */,
			);
			runOnlyForDeploymentPostprocessing = 0;
		};
		6B8236221D85EC680063ED1D /* Sources */ = {
			isa = PBXSourcesBuildPhase;
			buildActionMask = 2147483647;
			files = (
			);
			runOnlyForDeploymentPostprocessing = 0;
		};
		6B82362D1D85EC680063ED1D /* Sources */ = {
			isa = PBXSourcesBuildPhase;
			buildActionMask = 2147483647;
			files = (
			);
			runOnlyForDeploymentPostprocessing = 0;
		};
/* End PBXSourcesBuildPhase section */

/* Begin PBXTargetDependency section */
		6B8236281D85EC680063ED1D /* PBXTargetDependency */ = {
			isa = PBXTargetDependency;
			target = 6B8236091D85EC670063ED1D /* Simple Player */;
			targetProxy = 6B8236271D85EC680063ED1D /* PBXContainerItemProxy */;
		};
		6B8236331D85EC680063ED1D /* PBXTargetDependency */ = {
			isa = PBXTargetDependency;
			target = 6B8236091D85EC670063ED1D /* Simple Player */;
			targetProxy = 6B8236321D85EC680063ED1D /* PBXContainerItemProxy */;
		};
/* End PBXTargetDependency section */

/* Begin PBXVariantGroup section */
		6B8236191D85EC670063ED1D /* Main.storyboard */ = {
			isa = PBXVariantGroup;
			children = (
				6B82361A1D85EC670063ED1D /* Base */,
			);
			name = Main.storyboard;
			sourceTree = "<group>";
		};
		6B82361E1D85EC670063ED1D /* LaunchScreen.storyboard */ = {
			isa = PBXVariantGroup;
			children = (
				6B82361F1D85EC670063ED1D /* Base */,
			);
			name = LaunchScreen.storyboard;
			sourceTree = "<group>";
		};
/* End PBXVariantGroup section */

/* Begin XCBuildConfiguration section */
		6B8236381D85EC680063ED1D /* Debug */ = {
			isa = XCBuildConfiguration;
			buildSettings = {
				ALWAYS_SEARCH_USER_PATHS = NO;
				CLANG_ANALYZER_NONNULL = YES;
				CLANG_CXX_LANGUAGE_STANDARD = "gnu++0x";
				CLANG_CXX_LIBRARY = "libc++";
				CLANG_ENABLE_MODULES = YES;
				CLANG_ENABLE_OBJC_ARC = YES;
				CLANG_WARN_BOOL_CONVERSION = YES;
				CLANG_WARN_CONSTANT_CONVERSION = YES;
				CLANG_WARN_DIRECT_OBJC_ISA_USAGE = YES_ERROR;
				CLANG_WARN_EMPTY_BODY = YES;
				CLANG_WARN_ENUM_CONVERSION = YES;
				CLANG_WARN_INT_CONVERSION = YES;
				CLANG_WARN_OBJC_ROOT_CLASS = YES_ERROR;
				CLANG_WARN_UNREACHABLE_CODE = YES;
				CLANG_WARN__DUPLICATE_METHOD_MATCH = YES;
				"CODE_SIGN_IDENTITY[sdk=iphoneos*]" = "iPhone Developer";
				COPY_PHASE_STRIP = NO;
				DEBUG_INFORMATION_FORMAT = dwarf;
				ENABLE_STRICT_OBJC_MSGSEND = YES;
				ENABLE_TESTABILITY = YES;
				GCC_C_LANGUAGE_STANDARD = gnu99;
				GCC_DYNAMIC_NO_PIC = NO;
				GCC_NO_COMMON_BLOCKS = YES;
				GCC_OPTIMIZATION_LEVEL = 0;
				GCC_PREPROCESSOR_DEFINITIONS = (
					"DEBUG=1",
					"$(inherited)",
				);
				GCC_WARN_64_TO_32_BIT_CONVERSION = YES;
				GCC_WARN_ABOUT_RETURN_TYPE = YES_ERROR;
				GCC_WARN_UNDECLARED_SELECTOR = YES;
				GCC_WARN_UNINITIALIZED_AUTOS = YES_AGGRESSIVE;
				GCC_WARN_UNUSED_FUNCTION = YES;
				GCC_WARN_UNUSED_VARIABLE = YES;
				IPHONEOS_DEPLOYMENT_TARGET = 9.3;
				MTL_ENABLE_DEBUG_INFO = YES;
				ONLY_ACTIVE_ARCH = YES;
				SDKROOT = iphoneos;
			};
			name = Debug;
		};
		6B8236391D85EC680063ED1D /* Release */ = {
			isa = XCBuildConfiguration;
			buildSettings = {
				ALWAYS_SEARCH_USER_PATHS = NO;
				CLANG_ANALYZER_NONNULL = YES;
				CLANG_CXX_LANGUAGE_STANDARD = "gnu++0x";
				CLANG_CXX_LIBRARY = "libc++";
				CLANG_ENABLE_MODULES = YES;
				CLANG_ENABLE_OBJC_ARC = YES;
				CLANG_WARN_BOOL_CONVERSION = YES;
				CLANG_WARN_CONSTANT_CONVERSION = YES;
				CLANG_WARN_DIRECT_OBJC_ISA_USAGE = YES_ERROR;
				CLANG_WARN_EMPTY_BODY = YES;
				CLANG_WARN_ENUM_CONVERSION = YES;
				CLANG_WARN_INT_CONVERSION = YES;
				CLANG_WARN_OBJC_ROOT_CLASS = YES_ERROR;
				CLANG_WARN_UNREACHABLE_CODE = YES;
				CLANG_WARN__DUPLICATE_METHOD_MATCH = YES;
				"CODE_SIGN_IDENTITY[sdk=iphoneos*]" = "iPhone Developer";
				COPY_PHASE_STRIP = NO;
				DEBUG_INFORMATION_FORMAT = "dwarf-with-dsym";
				ENABLE_NS_ASSERTIONS = NO;
				ENABLE_STRICT_OBJC_MSGSEND = YES;
				GCC_C_LANGUAGE_STANDARD = gnu99;
				GCC_NO_COMMON_BLOCKS = YES;
				GCC_WARN_64_TO_32_BIT_CONVERSION = YES;
				GCC_WARN_ABOUT_RETURN_TYPE = YES_ERROR;
				GCC_WARN_UNDECLARED_SELECTOR = YES;
				GCC_WARN_UNINITIALIZED_AUTOS = YES_AGGRESSIVE;
				GCC_WARN_UNUSED_FUNCTION = YES;
				GCC_WARN_UNUSED_VARIABLE = YES;
				IPHONEOS_DEPLOYMENT_TARGET = 9.3;
				MTL_ENABLE_DEBUG_INFO = NO;
				SDKROOT = iphoneos;
				VALIDATE_PRODUCT = YES;
			};
			name = Release;
		};
		6B82363B1D85EC680063ED1D /* Debug */ = {
			isa = XCBuildConfiguration;
			buildSettings = {
				ASSETCATALOG_COMPILER_APPICON_NAME = AppIcon;
				GCC_PREFIX_HEADER = "Simple Player/PrefixHeader.pch";
				INFOPLIST_FILE = "Simple Player/Info.plist";
				LD_RUNPATH_SEARCH_PATHS = "$(inherited) @executable_path/Frameworks";
				PRODUCT_BUNDLE_IDENTIFIER = "com.justinoh.Simple-Player";
				PRODUCT_NAME = "$(TARGET_NAME)";
				VALID_ARCHS = "arm64 armv7 armv7s";
			};
			name = Debug;
		};
		6B82363C1D85EC680063ED1D /* Release */ = {
			isa = XCBuildConfiguration;
			buildSettings = {
				ASSETCATALOG_COMPILER_APPICON_NAME = AppIcon;
				GCC_PREFIX_HEADER = "Simple Player/PrefixHeader.pch";
				INFOPLIST_FILE = "Simple Player/Info.plist";
				LD_RUNPATH_SEARCH_PATHS = "$(inherited) @executable_path/Frameworks";
				PRODUCT_BUNDLE_IDENTIFIER = "com.justinoh.Simple-Player";
				PRODUCT_NAME = "$(TARGET_NAME)";
				VALID_ARCHS = "arm64 armv7 armv7s";
			};
			name = Release;
		};
		6B82363E1D85EC680063ED1D /* Debug */ = {
			isa = XCBuildConfiguration;
			buildSettings = {
				BUNDLE_LOADER = "$(TEST_HOST)";
				INFOPLIST_FILE = "Simple PlayerTests/Info.plist";
				LD_RUNPATH_SEARCH_PATHS = "$(inherited) @executable_path/Frameworks @loader_path/Frameworks";
				PRODUCT_BUNDLE_IDENTIFIER = "com.justinoh.Simple-PlayerTests";
				PRODUCT_NAME = "$(TARGET_NAME)";
				TEST_HOST = "$(BUILT_PRODUCTS_DIR)/Simple Player.app/Simple Player";
			};
			name = Debug;
		};
		6B82363F1D85EC680063ED1D /* Release */ = {
			isa = XCBuildConfiguration;
			buildSettings = {
				BUNDLE_LOADER = "$(TEST_HOST)";
				INFOPLIST_FILE = "Simple PlayerTests/Info.plist";
				LD_RUNPATH_SEARCH_PATHS = "$(inherited) @executable_path/Frameworks @loader_path/Frameworks";
				PRODUCT_BUNDLE_IDENTIFIER = "com.justinoh.Simple-PlayerTests";
				PRODUCT_NAME = "$(TARGET_NAME)";
				TEST_HOST = "$(BUILT_PRODUCTS_DIR)/Simple Player.app/Simple Player";
			};
			name = Release;
		};
		6B8236411D85EC680063ED1D /* Debug */ = {
			isa = XCBuildConfiguration;
			buildSettings = {
				INFOPLIST_FILE = "Simple PlayerUITests/Info.plist";
				LD_RUNPATH_SEARCH_PATHS = "$(inherited) @executable_path/Frameworks @loader_path/Frameworks";
				PRODUCT_BUNDLE_IDENTIFIER = "com.justinoh.Simple-PlayerUITests";
				PRODUCT_NAME = "$(TARGET_NAME)";
				TEST_TARGET_NAME = "Simple Player";
			};
			name = Debug;
		};
		6B8236421D85EC680063ED1D /* Release */ = {
			isa = XCBuildConfiguration;
			buildSettings = {
				INFOPLIST_FILE = "Simple PlayerUITests/Info.plist";
				LD_RUNPATH_SEARCH_PATHS = "$(inherited) @executable_path/Frameworks @loader_path/Frameworks";
				PRODUCT_BUNDLE_IDENTIFIER = "com.justinoh.Simple-PlayerUITests";
				PRODUCT_NAME = "$(TARGET_NAME)";
				TEST_TARGET_NAME = "Simple Player";
			};
			name = Release;
		};
/* End XCBuildConfiguration section */

/* Begin XCConfigurationList section */
		6B8236051D85EC670063ED1D /* Build configuration list for PBXProject "Simple Player" */ = {
			isa = XCConfigurationList;
			buildConfigurations = (
				6B8236381D85EC680063ED1D /* Debug */,
				6B8236391D85EC680063ED1D /* Release */,
			);
			defaultConfigurationIsVisible = 0;
			defaultConfigurationName = Release;
		};
		6B82363A1D85EC680063ED1D /* Build configuration list for PBXNativeTarget "Simple Player" */ = {
			isa = XCConfigurationList;
			buildConfigurations = (
				6B82363B1D85EC680063ED1D /* Debug */,
				6B82363C1D85EC680063ED1D /* Release */,
			);
			defaultConfigurationIsVisible = 0;
			defaultConfigurationName = Release;
		};
		6B82363D1D85EC680063ED1D /* Build configuration list for PBXNativeTarget "Simple PlayerTests" */ = {
			isa = XCConfigurationList;
			buildConfigurations = (
				6B82363E1D85EC680063ED1D /* Debug */,
				6B82363F1D85EC680063ED1D /* Release */,
			);
			defaultConfigurationIsVisible = 0;
			defaultConfigurationName = Release;
		};
		6B8236401D85EC680063ED1D /* Build configuration list for PBXNativeTarget "Simple PlayerUITests" */ = {
			isa = XCConfigurationList;
			buildConfigurations = (
				6B8236411D85EC680063ED1D /* Debug */,
				6B8236421D85EC680063ED1D /* Release */,
			);
			defaultConfigurationIsVisible = 0;
			defaultConfigurationName = Release;
		};
/* End XCConfigurationList section */
	};
	rootObject = 6B8236021D85EC670063ED1D /* Project object */;
}
